<?xml version="1.0" encoding="utf-8"?>
<Project ToolsVersion="4.0" xmlns="http://schemas.microsoft.com/developer/msbuild/2003">
  <ItemGroup>
    <Filter Include="Файлы исходного кода">
      <UniqueIdentifier>{4FC737F1-C7A5-4376-A066-2A32D752A2FF}</UniqueIdentifier>
      <Extensions>cpp;c;cc;cxx;def;odl;idl;hpj;bat;asm;asmx</Extensions>
    </Filter>
    <Filter Include="Заголовочные файлы">
      <UniqueIdentifier>{93995380-89BD-4b04-88EB-625FBE52EBFB}</UniqueIdentifier>
      <Extensions>h;hpp;hxx;hm;inl;inc;xsd</Extensions>
    </Filter>
    <Filter Include="Файлы ресурсов">
      <UniqueIdentifier>{67DA6AB6-F800-4c08-8B7A-83BB121AAD01}</UniqueIdentifier>
      <Extensions>rc;ico;cur;bmp;dlg;rc2;rct;bin;rgs;gif;jpg;jpeg;jpe;resx;tiff;tif;png;wav;mfcribbon-ms</Extensions>
    </Filter>
    <Filter Include="Файлы исходного кода\Filters">
      <UniqueIdentifier>{6b110de2-192b-4e53-af95-c17b22402be3}</UniqueIdentifier>
    </Filter>
    <Filter Include="Заголовочные файлы\Filters">
      <UniqueIdentifier>{cee2552b-464c-429c-9dd7-6996dc706e3e}</UniqueIdentifier>
    </Filter>
  </ItemGroup>
  <ItemGroup>
    <None Include="ReadMe.txt" />
    <None Include="small.ico">
      <Filter>Файлы ресурсов</Filter>
    </None>
    <None Include="rusdoomfontgen.ico">
      <Filter>Файлы ресурсов</Filter>
    </None>
    <None Include="manual.txt" />
  </ItemGroup>
  <ItemGroup>
    <ClInclude Include="stdafx.h">
      <Filter>Заголовочные файлы</Filter>
    </ClInclude>
    <ClInclude Include="targetver.h">
      <Filter>Заголовочные файлы</Filter>
    </ClInclude>
    <ClInclude Include="Resource.h">
      <Filter>Заголовочные файлы</Filter>
    </ClInclude>
    <ClInclude Include="rusdoomfontgen.h">
      <Filter>Заголовочные файлы</Filter>
    </ClInclude>
    <ClInclude Include="bigfont.h">
      <Filter>Заголовочные файлы</Filter>
    </ClInclude>
    <ClInclude Include="confont.h">
      <Filter>Заголовочные файлы</Filter>
    </ClInclude>
    <ClInclude Include="fontimage.h">
      <Filter>Заголовочные файлы</Filter>
    </ClInclude>
    <ClInclude Include="pcx.h">
      <Filter>Заголовочные файлы</Filter>
    </ClInclude>
    <ClInclude Include="doompal.h">
      <Filter>Заголовочные файлы</Filter>
    </ClInclude>
    <ClInclude Include="filter.h">
      <Filter>Заголовочные файлы\Filters</Filter>
    </ClInclude>
    <ClInclude Include="borderfilter.h">
      <Filter>Заголовочные файлы\Filters</Filter>
    </ClInclude>
    <ClInclude Include="filterstack.h">
      <Filter>Заголовочные файлы\Filters</Filter>
    </ClInclude>
    <ClInclude Include="translation.h">
      <Filter>Заголовочные файлы</Filter>
    </ClInclude>
    <ClInclude Include="thresholdfilter.h">
      <Filter>Заголовочные файлы\Filters</Filter>
    </ClInclude>
    <ClInclude Include="exportfilter.h">
      <Filter>Заголовочные файлы\Filters</Filter>
    </ClInclude>
    <ClInclude Include="importfilter.h">
      <Filter>Заголовочные файлы\Filters</Filter>
    </ClInclude>
    <ClInclude Include="font.h">
      <Filter>Заголовочные файлы</Filter>
    </ClInclude>
  </ItemGroup>
  <ItemGroup>
    <ClCompile Include="stdafx.cpp">
      <Filter>Файлы исходного кода</Filter>
    </ClCompile>
    <ClCompile Include="rusdoomfontgen.cpp">
      <Filter>Файлы исходного кода</Filter>
    </ClCompile>
    <ClCompile Include="bigfont.cpp">
      <Filter>Файлы исходного кода</Filter>
    </ClCompile>
    <ClCompile Include="confont.cpp">
      <Filter>Файлы исходного кода</Filter>
    </ClCompile>
    <ClCompile Include="fontimage.cpp">
      <Filter>Файлы исходного кода</Filter>
    </ClCompile>
    <ClCompile Include="pcx.cpp">
      <Filter>Файлы исходного кода</Filter>
    </ClCompile>
    <ClCompile Include="filter.cpp">
      <Filter>Файлы исходного кода\Filters</Filter>
    </ClCompile>
    <ClCompile Include="borderfilter.cpp">
      <Filter>Файлы исходного кода\Filters</Filter>
    </ClCompile>
    <ClCompile Include="filterstack.cpp">
      <Filter>Файлы исходного кода\Filters</Filter>
    </ClCompile>
    <ClCompile Include="thresholdfilter.cpp">
      <Filter>Файлы исходного кода\Filters</Filter>
    </ClCompile>
    <ClCompile Include="importfilter.cpp">
      <Filter>Файлы исходного кода\Filters</Filter>
    </ClCompile>
    <ClCompile Include="exportfilter.cpp">
      <Filter>Файлы исходного кода\Filters</Filter>
    </ClCompile>
    <ClCompile Include="font.cpp">
      <Filter>Файлы исходного кода</Filter>
    </ClCompile>
  </ItemGroup>
  <ItemGroup>
    <ResourceCompile Include="rusdoomfontgen.rc">
      <Filter>Файлы ресурсов</Filter>
    </ResourceCompile>
  </ItemGroup>
</Project>